{
  "name": "arc-traveler",
  "version": "1.0.0",
  "lockfileVersion": 2,
  "requires": true,
  "packages": {
    "": {
      "name": "arc-traveler",
      "version": "1.0.0",
      "license": "GPL-3.0-or-later",
      "dependencies": {
        "bash-xops": "^1.0.1",
        "extra-file-class": "^0.9.19"
      }
    },
    "node_modules/bash-xops": {
      "version": "1.0.1",
      "resolved": "https://registry.npmjs.org/bash-xops/-/bash-xops-1.0.1.tgz",
      "integrity": "sha512-axHJHM3DlCj319RLB3HXplllMO2fVQ5xX9tTHKMSzLyetGRaI+UJ2O8TtuA/TyEQJl+oZzMAYOwcAq62zShplA==",
      "dependencies": {
        "extra-file-class": "^0.9.19",
        "gift-cli": "^1.0.4"
      },
      "bin": {
        "xops": "bin/index.js"
      },
      "funding": {
        "type": "GitHub Sponsors",
        "url": "https://github.com/sponsors/copious-world"
      }
    },
    "node_modules/extra-file-class": {
      "version": "0.9.19",
      "resolved": "https://registry.npmjs.org/extra-file-class/-/extra-file-class-0.9.19.tgz",
      "integrity": "sha512-r5EYxa4YlBGVa+Cl2A9xtnjKC5i+00Boru6aYJlyFIT4+egzDzUvNCUaJ6wYJtDloPBkLRXnyNvmIyxq/7iyYQ=="
    },
    "node_modules/gift-cli": {
      "version": "1.0.5",
      "resolved": "https://registry.npmjs.org/gift-cli/-/gift-cli-1.0.5.tgz",
      "integrity": "sha512-bGgutjzpDvduEQk6b7jrkQN4J+SsIMAkDS+5CVE7cGvsGbP/wO3DLtOKWpRL/SytUIrwVgcqmK2Spo/hTFwnQw==",
      "dependencies": {
        "js-tokens": "^8.0.1"
      },
      "funding": {
        "type": "GitHub Sponsors",
        "url": "https://github.com/sponsors/copious-world"
      }
    },
    "node_modules/js-tokens": {
      "version": "8.0.1",
      "resolved": "https://registry.npmjs.org/js-tokens/-/js-tokens-8.0.1.tgz",
      "integrity": "sha512-3AGrZT6tuMm1ZWWn9mLXh7XMfi2YtiLNPALCVxBCiUVq0LD1OQMxV/AdS/s7rLJU5o9i/jBZw/N4vXXL5dm29A=="
    }
  },
  "dependencies": {
    "bash-xops": {
      "version": "1.0.1",
      "resolved": "https://registry.npmjs.org/bash-xops/-/bash-xops-1.0.1.tgz",
      "integrity": "sha512-axHJHM3DlCj319RLB3HXplllMO2fVQ5xX9tTHKMSzLyetGRaI+UJ2O8TtuA/TyEQJl+oZzMAYOwcAq62zShplA==",
      "requires": {
        "extra-file-class": "^0.9.19",
        "gift-cli": "^1.0.4"
      }
    },
    "extra-file-class": {
      "version": "0.9.19",
      "resolved": "https://registry.npmjs.org/extra-file-class/-/extra-file-class-0.9.19.tgz",
      "integrity": "sha512-r5EYxa4YlBGVa+Cl2A9xtnjKC5i+00Boru6aYJlyFIT4+egzDzUvNCUaJ6wYJtDloPBkLRXnyNvmIyxq/7iyYQ=="
    },
    "gift-cli": {
      "version": "1.0.5",
      "resolved": "https://registry.npmjs.org/gift-cli/-/gift-cli-1.0.5.tgz",
      "integrity": "sha512-bGgutjzpDvduEQk6b7jrkQN4J+SsIMAkDS+5CVE7cGvsGbP/wO3DLtOKWpRL/SytUIrwVgcqmK2Spo/hTFwnQw==",
      "requires": {
        "js-tokens": "^8.0.1"
      }
    },
    "js-tokens": {
      "version": "8.0.1",
      "resolved": "https://registry.npmjs.org/js-tokens/-/js-tokens-8.0.1.tgz",
      "integrity": "sha512-3AGrZT6tuMm1ZWWn9mLXh7XMfi2YtiLNPALCVxBCiUVq0LD1OQMxV/AdS/s7rLJU5o9i/jBZw/N4vXXL5dm29A=="
    }
  }
}
